
Microsoft Visual Studio Solution File, Format Version 12.00
# Visual Studio Version 16
VisualStudioVersion = 16.0.30523.141
MinimumVisualStudioVersion = 10.0.40219.1
Project("{FAE04EC0-301F-11D3-BF4B-00C04F79EFBC}") = "Sokoban", "Sokoban\Sokoban.csproj", "{9CB62F3C-11DB-423D-AB76-BE39D34A20E2}"
EndProject
Project("{FAE04EC0-301F-11D3-BF4B-00C04F79EFBC}") = "Editor", "Editor\Editor.csproj", "{082ABE6C-00AC-4420-A186-4B661C031F71}"
EndProject
Global
	GlobalSection(SolutionConfigurationPlatforms) = preSolution
		Debug|Any CPU = Debug|Any CPU
		Release|Any CPU = Release|Any CPU
	EndGlobalSection
	GlobalSection(ProjectConfigurationPlatforms) = postSolution
		{9CB62F3C-11DB-423D-AB76-BE39D34A20E2}.Debug|Any CPU.ActiveCfg = Debug|Any CPU
		{9CB62F3C-11DB-423D-AB76-BE39D34A20E2}.Debug|Any CPU.Build.0 = Debug|Any CPU
		{9CB62F3C-11DB-423D-AB76-BE39D34A20E2}.Release|Any CPU.ActiveCfg = Release|Any CPU
		{9CB62F3C-11DB-423D-AB76-BE39D34A20E2}.Release|Any CPU.Build.0 = Release|Any CPU
		{082ABE6C-00AC-4420-A186-4B661C031F71}.Debug|Any CPU.ActiveCfg = Debug|Any CPU
		{082ABE6C-00AC-4420-A186-4B661C031F71}.Debug|Any CPU.Build.0 = Debug|Any CPU
		{082ABE6C-00AC-4420-A186-4B661C031F71}.Release|Any CPU.ActiveCfg = Release|Any CPU
		{082ABE6C-00AC-4420-A186-4B661C031F71}.Release|Any CPU.Build.0 = Release|Any CPU
	EndGlobalSection
	GlobalSection(SolutionProperties) = preSolution
		HideSolutionNode = FALSE
	EndGlobalSection
	GlobalSection(ExtensibilityGlobals) = postSolution
		SolutionGuid = {D9A1D118-4F85-44ED-B8C5-12A9B84F43EF}
	EndGlobalSection
EndGlobal
